// !$*UTF8*$!
{
	archiveVersion = 1;
	classes = {
	};
	objectVersion = 56;
	objects = {

/* Begin PBXBuildFile section */
		42CDCBCC2950D88A00B88089 /* MelonApp.swift in Sources */ = {isa = PBXBuildFile; fileRef = 42CDCBCB2950D88A00B88089 /* MelonApp.swift */; };
		42CDCBCE2950D88A00B88089 /* ContentView.swift in Sources */ = {isa = PBXBuildFile; fileRef = 42CDCBCD2950D88A00B88089 /* ContentView.swift */; };
		42CDCBD02950D88B00B88089 /* Assets.xcassets in Resources */ = {isa = PBXBuildFile; fileRef = 42CDCBCF2950D88B00B88089 /* Assets.xcassets */; };
		42CDCBD32950D88B00B88089 /* Preview Assets.xcassets in Resources */ = {isa = PBXBuildFile; fileRef = 42CDCBD22950D88B00B88089 /* Preview Assets.xcassets */; };
		42CDCBDD2950D88B00B88089 /* MelonTests.swift in Sources */ = {isa = PBXBuildFile; fileRef = 42CDCBDC2950D88B00B88089 /* MelonTests.swift */; };
		42CDCBE72950D88B00B88089 /* MelonUITests.swift in Sources */ = {isa = PBXBuildFile; fileRef = 42CDCBE62950D88B00B88089 /* MelonUITests.swift */; };
		42CDCBE92950D88B00B88089 /* MelonUITestsLaunchTests.swift in Sources */ = {isa = PBXBuildFile; fileRef = 42CDCBE82950D88B00B88089 /* MelonUITestsLaunchTests.swift */; };
		42CDCBF62950D8E100B88089 /* GoogleService-Info.plist in Resources */ = {isa = PBXBuildFile; fileRef = 42CDCBF52950D8E100B88089 /* GoogleService-Info.plist */; };
		42CDCBF92950D9C200B88089 /* FirebaseAnalytics in Frameworks */ = {isa = PBXBuildFile; productRef = 42CDCBF82950D9C200B88089 /* FirebaseAnalytics */; };
		42CDCBFB2950D9C200B88089 /* FirebaseAuth in Frameworks */ = {isa = PBXBuildFile; productRef = 42CDCBFA2950D9C200B88089 /* FirebaseAuth */; };
		42CDCBFD2950D9C200B88089 /* FirebaseFirestore in Frameworks */ = {isa = PBXBuildFile; productRef = 42CDCBFC2950D9C200B88089 /* FirebaseFirestore */; };
		42CDCBFF2950D9C200B88089 /* FirebaseFirestoreSwift in Frameworks */ = {isa = PBXBuildFile; productRef = 42CDCBFE2950D9C200B88089 /* FirebaseFirestoreSwift */; };
		42CDCC012950D9C200B88089 /* FirebaseStorage in Frameworks */ = {isa = PBXBuildFile; productRef = 42CDCC002950D9C200B88089 /* FirebaseStorage */; };
		42CDCC042950DB8200B88089 /* AuthService.swift in Sources */ = {isa = PBXBuildFile; fileRef = 42CDCC032950DB8200B88089 /* AuthService.swift */; };
		42CDCC072950DCDA00B88089 /* UserData.swift in Sources */ = {isa = PBXBuildFile; fileRef = 42CDCC062950DCDA00B88089 /* UserData.swift */; };
		42CDCC0A2950DEFE00B88089 /* RegistrationService.swift in Sources */ = {isa = PBXBuildFile; fileRef = 42CDCC092950DEFE00B88089 /* RegistrationService.swift */; };
		42CDCC0C2950E01600B88089 /* LocalImage.swift in Sources */ = {isa = PBXBuildFile; fileRef = 42CDCC0B2950E01600B88089 /* LocalImage.swift */; };
		42CDCC0E2950E0AD00B88089 /* StorageImage.swift in Sources */ = {isa = PBXBuildFile; fileRef = 42CDCC0D2950E0AD00B88089 /* StorageImage.swift */; };
		42CDCC102950E0F900B88089 /* ImageService.swift in Sources */ = {isa = PBXBuildFile; fileRef = 42CDCC0F2950E0F900B88089 /* ImageService.swift */; };
		42CDCC122950E42800B88089 /* StorageService.swift in Sources */ = {isa = PBXBuildFile; fileRef = 42CDCC112950E42800B88089 /* StorageService.swift */; };
/* End PBXBuildFile section */

/* Begin PBXContainerItemProxy section */
		42CDCBD92950D88B00B88089 /* PBXContainerItemProxy */ = {
			isa = PBXContainerItemProxy;
			containerPortal = 42CDCBC02950D88A00B88089 /* Project object */;
			proxyType = 1;
			remoteGlobalIDString = 42CDCBC72950D88A00B88089;
			remoteInfo = Melon;
		};
		42CDCBE32950D88B00B88089 /* PBXContainerItemProxy */ = {
			isa = PBXContainerItemProxy;
			containerPortal = 42CDCBC02950D88A00B88089 /* Project object */;
			proxyType = 1;
			remoteGlobalIDString = 42CDCBC72950D88A00B88089;
			remoteInfo = Melon;
		};
/* End PBXContainerItemProxy section */

/* Begin PBXFileReference section */
		42CDCBC82950D88A00B88089 /* Melon.app */ = {isa = PBXFileReference; explicitFileType = wrapper.application; includeInIndex = 0; path = Melon.app; sourceTree = BUILT_PRODUCTS_DIR; };
		42CDCBCB2950D88A00B88089 /* MelonApp.swift */ = {isa = PBXFileReference; lastKnownFileType = sourcecode.swift; path = MelonApp.swift; sourceTree = "<group>"; };
		42CDCBCD2950D88A00B88089 /* ContentView.swift */ = {isa = PBXFileReference; lastKnownFileType = sourcecode.swift; path = ContentView.swift; sourceTree = "<group>"; };
		42CDCBCF2950D88B00B88089 /* Assets.xcassets */ = {isa = PBXFileReference; lastKnownFileType = folder.assetcatalog; path = Assets.xcassets; sourceTree = "<group>"; };
		42CDCBD22950D88B00B88089 /* Preview Assets.xcassets */ = {isa = PBXFileReference; lastKnownFileType = folder.assetcatalog; path = "Preview Assets.xcassets"; sourceTree = "<group>"; };
		42CDCBD82950D88B00B88089 /* MelonTests.xctest */ = {isa = PBXFileReference; explicitFileType = wrapper.cfbundle; includeInIndex = 0; path = MelonTests.xctest; sourceTree = BUILT_PRODUCTS_DIR; };
		42CDCBDC2950D88B00B88089 /* MelonTests.swift */ = {isa = PBXFileReference; lastKnownFileType = sourcecode.swift; path = MelonTests.swift; sourceTree = "<group>"; };
		42CDCBE22950D88B00B88089 /* MelonUITests.xctest */ = {isa = PBXFileReference; explicitFileType = wrapper.cfbundle; includeInIndex = 0; path = MelonUITests.xctest; sourceTree = BUILT_PRODUCTS_DIR; };
		42CDCBE62950D88B00B88089 /* MelonUITests.swift */ = {isa = PBXFileReference; lastKnownFileType = sourcecode.swift; path = MelonUITests.swift; sourceTree = "<group>"; };
		42CDCBE82950D88B00B88089 /* MelonUITestsLaunchTests.swift */ = {isa = PBXFileReference; lastKnownFileType = sourcecode.swift; path = MelonUITestsLaunchTests.swift; sourceTree = "<group>"; };
		42CDCBF52950D8E100B88089 /* GoogleService-Info.plist */ = {isa = PBXFileReference; fileEncoding = 4; lastKnownFileType = text.plist.xml; path = "GoogleService-Info.plist"; sourceTree = "<group>"; };
		42CDCC032950DB8200B88089 /* AuthService.swift */ = {isa = PBXFileReference; lastKnownFileType = sourcecode.swift; path = AuthService.swift; sourceTree = "<group>"; };
		42CDCC062950DCDA00B88089 /* UserData.swift */ = {isa = PBXFileReference; lastKnownFileType = sourcecode.swift; path = UserData.swift; sourceTree = "<group>"; };
		42CDCC092950DEFE00B88089 /* RegistrationService.swift */ = {isa = PBXFileReference; lastKnownFileType = sourcecode.swift; path = RegistrationService.swift; sourceTree = "<group>"; };
		42CDCC0B2950E01600B88089 /* LocalImage.swift */ = {isa = PBXFileReference; lastKnownFileType = sourcecode.swift; path = LocalImage.swift; sourceTree = "<group>"; };
		42CDCC0D2950E0AD00B88089 /* StorageImage.swift */ = {isa = PBXFileReference; lastKnownFileType = sourcecode.swift; path = StorageImage.swift; sourceTree = "<group>"; };
		42CDCC0F2950E0F900B88089 /* ImageService.swift */ = {isa = PBXFileReference; lastKnownFileType = sourcecode.swift; path = ImageService.swift; sourceTree = "<group>"; };
		42CDCC112950E42800B88089 /* StorageService.swift */ = {isa = PBXFileReference; lastKnownFileType = sourcecode.swift; path = StorageService.swift; sourceTree = "<group>"; };
/* End PBXFileReference section */

/* Begin PBXFrameworksBuildPhase section */
		42CDCBC52950D88A00B88089 /* Frameworks */ = {
			isa = PBXFrameworksBuildPhase;
			buildActionMask = 2147483647;
			files = (
				42CDCBF92950D9C200B88089 /* FirebaseAnalytics in Frameworks */,
				42CDCBFB2950D9C200B88089 /* FirebaseAuth in Frameworks */,
				42CDCBFD2950D9C200B88089 /* FirebaseFirestore in Frameworks */,
				42CDCC012950D9C200B88089 /* FirebaseStorage in Frameworks */,
				42CDCBFF2950D9C200B88089 /* FirebaseFirestoreSwift in Frameworks */,
			);
			runOnlyForDeploymentPostprocessing = 0;
		};
		42CDCBD52950D88B00B88089 /* Frameworks */ = {
			isa = PBXFrameworksBuildPhase;
			buildActionMask = 2147483647;
			files = (
			);
			runOnlyForDeploymentPostprocessing = 0;
		};
		42CDCBDF2950D88B00B88089 /* Frameworks */ = {
			isa = PBXFrameworksBuildPhase;
			buildActionMask = 2147483647;
			files = (
			);
			runOnlyForDeploymentPostprocessing = 0;
		};
/* End PBXFrameworksBuildPhase section */

/* Begin PBXGroup section */
		42CDCBBF2950D88A00B88089 = {
			isa = PBXGroup;
			children = (
				42CDCBCA2950D88A00B88089 /* Melon */,
				42CDCBDB2950D88B00B88089 /* MelonTests */,
				42CDCBE52950D88B00B88089 /* MelonUITests */,
				42CDCBC92950D88A00B88089 /* Products */,
			);
			sourceTree = "<group>";
		};
		42CDCBC92950D88A00B88089 /* Products */ = {
			isa = PBXGroup;
			children = (
				42CDCBC82950D88A00B88089 /* Melon.app */,
				42CDCBD82950D88B00B88089 /* MelonTests.xctest */,
				42CDCBE22950D88B00B88089 /* MelonUITests.xctest */,
			);
			name = Products;
			sourceTree = "<group>";
		};
		42CDCBCA2950D88A00B88089 /* Melon */ = {
			isa = PBXGroup;
			children = (
				42CDCC082950DEE100B88089 /* ViewModels */,
				42CDCC022950DA9500B88089 /* Services */,
				42CDCC052950DCC600B88089 /* Models */,
				42CDCBCB2950D88A00B88089 /* MelonApp.swift */,
				42CDCBCD2950D88A00B88089 /* ContentView.swift */,
				42CDCBCF2950D88B00B88089 /* Assets.xcassets */,
				42CDCBF52950D8E100B88089 /* GoogleService-Info.plist */,
				42CDCBD12950D88B00B88089 /* Preview Content */,
			);
			path = Melon;
			sourceTree = "<group>";
		};
		42CDCBD12950D88B00B88089 /* Preview Content */ = {
			isa = PBXGroup;
			children = (
				42CDCBD22950D88B00B88089 /* Preview Assets.xcassets */,
			);
			path = "Preview Content";
			sourceTree = "<group>";
		};
		42CDCBDB2950D88B00B88089 /* MelonTests */ = {
			isa = PBXGroup;
			children = (
				42CDCBDC2950D88B00B88089 /* MelonTests.swift */,
			);
			path = MelonTests;
			sourceTree = "<group>";
		};
		42CDCBE52950D88B00B88089 /* MelonUITests */ = {
			isa = PBXGroup;
			children = (
				42CDCBE62950D88B00B88089 /* MelonUITests.swift */,
				42CDCBE82950D88B00B88089 /* MelonUITestsLaunchTests.swift */,
			);
			path = MelonUITests;
			sourceTree = "<group>";
		};
		42CDCC022950DA9500B88089 /* Services */ = {
			isa = PBXGroup;
			children = (
				42CDCC032950DB8200B88089 /* AuthService.swift */,
				42CDCC092950DEFE00B88089 /* RegistrationService.swift */,
				42CDCC0F2950E0F900B88089 /* ImageService.swift */,
				42CDCC112950E42800B88089 /* StorageService.swift */,
			);
			path = Services;
			sourceTree = "<group>";
		};
		42CDCC052950DCC600B88089 /* Models */ = {
			isa = PBXGroup;
			children = (
				42CDCC062950DCDA00B88089 /* UserData.swift */,
				42CDCC0B2950E01600B88089 /* LocalImage.swift */,
				42CDCC0D2950E0AD00B88089 /* StorageImage.swift */,
			);
			path = Models;
			sourceTree = "<group>";
		};
		42CDCC082950DEE100B88089 /* ViewModels */ = {
			isa = PBXGroup;
			children = (
			);
			path = ViewModels;
			sourceTree = "<group>";
		};
/* End PBXGroup section */

/* Begin PBXNativeTarget section */
		42CDCBC72950D88A00B88089 /* Melon */ = {
			isa = PBXNativeTarget;
			buildConfigurationList = 42CDCBEC2950D88B00B88089 /* Build configuration list for PBXNativeTarget "Melon" */;
			buildPhases = (
				42CDCBC42950D88A00B88089 /* Sources */,
				42CDCBC52950D88A00B88089 /* Frameworks */,
				42CDCBC62950D88A00B88089 /* Resources */,
			);
			buildRules = (
			);
			dependencies = (
			);
			name = Melon;
			packageProductDependencies = (
				42CDCBF82950D9C200B88089 /* FirebaseAnalytics */,
				42CDCBFA2950D9C200B88089 /* FirebaseAuth */,
				42CDCBFC2950D9C200B88089 /* FirebaseFirestore */,
				42CDCBFE2950D9C200B88089 /* FirebaseFirestoreSwift */,
				42CDCC002950D9C200B88089 /* FirebaseStorage */,
			);
			productName = Melon;
			productReference = 42CDCBC82950D88A00B88089 /* Melon.app */;
			productType = "com.apple.product-type.application";
		};
		42CDCBD72950D88B00B88089 /* MelonTests */ = {
			isa = PBXNativeTarget;
			buildConfigurationList = 42CDCBEF2950D88B00B88089 /* Build configuration list for PBXNativeTarget "MelonTests" */;
			buildPhases = (
				42CDCBD42950D88B00B88089 /* Sources */,
				42CDCBD52950D88B00B88089 /* Frameworks */,
				42CDCBD62950D88B00B88089 /* Resources */,
			);
			buildRules = (
			);
			dependencies = (
				42CDCBDA2950D88B00B88089 /* PBXTargetDependency */,
			);
			name = MelonTests;
			productName = MelonTests;
			productReference = 42CDCBD82950D88B00B88089 /* MelonTests.xctest */;
			productType = "com.apple.product-type.bundle.unit-test";
		};
		42CDCBE12950D88B00B88089 /* MelonUITests */ = {
			isa = PBXNativeTarget;
			buildConfigurationList = 42CDCBF22950D88B00B88089 /* Build configuration list for PBXNativeTarget "MelonUITests" */;
			buildPhases = (
				42CDCBDE2950D88B00B88089 /* Sources */,
				42CDCBDF2950D88B00B88089 /* Frameworks */,
				42CDCBE02950D88B00B88089 /* Resources */,
			);
			buildRules = (
			);
			dependencies = (
				42CDCBE42950D88B00B88089 /* PBXTargetDependency */,
			);
			name = MelonUITests;
			productName = MelonUITests;
			productReference = 42CDCBE22950D88B00B88089 /* MelonUITests.xctest */;
			productType = "com.apple.product-type.bundle.ui-testing";
		};
/* End PBXNativeTarget section */

/* Begin PBXProject section */
		42CDCBC02950D88A00B88089 /* Project object */ = {
			isa = PBXProject;
			attributes = {
				BuildIndependentTargetsInParallel = 1;
				LastSwiftUpdateCheck = 1420;
				LastUpgradeCheck = 1420;
				TargetAttributes = {
					42CDCBC72950D88A00B88089 = {
						CreatedOnToolsVersion = 14.2;
					};
					42CDCBD72950D88B00B88089 = {
						CreatedOnToolsVersion = 14.2;
						TestTargetID = 42CDCBC72950D88A00B88089;
					};
					42CDCBE12950D88B00B88089 = {
						CreatedOnToolsVersion = 14.2;
						TestTargetID = 42CDCBC72950D88A00B88089;
					};
				};
			};
			buildConfigurationList = 42CDCBC32950D88A00B88089 /* Build configuration list for PBXProject "Melon" */;
			compatibilityVersion = "Xcode 14.0";
			developmentRegion = en;
			hasScannedForEncodings = 0;
			knownRegions = (
				en,
				Base,
			);
			mainGroup = 42CDCBBF2950D88A00B88089;
			packageReferences = (
				42CDCBF72950D9C200B88089 /* XCRemoteSwiftPackageReference "firebase-ios-sdk" */,
			);
			productRefGroup = 42CDCBC92950D88A00B88089 /* Products */;
			projectDirPath = "";
			projectRoot = "";
			targets = (
				42CDCBC72950D88A00B88089 /* Melon */,
				42CDCBD72950D88B00B88089 /* MelonTests */,
				42CDCBE12950D88B00B88089 /* MelonUITests */,
			);
		};
/* End PBXProject section */

/* Begin PBXResourcesBuildPhase section */
		42CDCBC62950D88A00B88089 /* Resources */ = {
			isa = PBXResourcesBuildPhase;
			buildActionMask = 2147483647;
			files = (
				42CDCBD32950D88B00B88089 /* Preview Assets.xcassets in Resources */,
				42CDCBD02950D88B00B88089 /* Assets.xcassets in Resources */,
				42CDCBF62950D8E100B88089 /* GoogleService-Info.plist in Resources */,
			);
			runOnlyForDeploymentPostprocessing = 0;
		};
		42CDCBD62950D88B00B88089 /* Resources */ = {
			isa = PBXResourcesBuildPhase;
			buildActionMask = 2147483647;
			files = (
			);
			runOnlyForDeploymentPostprocessing = 0;
		};
		42CDCBE02950D88B00B88089 /* Resources */ = {
			isa = PBXResourcesBuildPhase;
			buildActionMask = 2147483647;
			files = (
			);
			runOnlyForDeploymentPostprocessing = 0;
		};
/* End PBXResourcesBuildPhase section */

/* Begin PBXSourcesBuildPhase section */
		42CDCBC42950D88A00B88089 /* Sources */ = {
			isa = PBXSourcesBuildPhase;
			buildActionMask = 2147483647;
			files = (
				42CDCC042950DB8200B88089 /* AuthService.swift in Sources */,
				42CDCC102950E0F900B88089 /* ImageService.swift in Sources */,
				42CDCC0E2950E0AD00B88089 /* StorageImage.swift in Sources */,
				42CDCC0C2950E01600B88089 /* LocalImage.swift in Sources */,
				42CDCC0A2950DEFE00B88089 /* RegistrationService.swift in Sources */,
				42CDCBCE2950D88A00B88089 /* ContentView.swift in Sources */,
				42CDCC072950DCDA00B88089 /* UserData.swift in Sources */,
				42CDCC122950E42800B88089 /* StorageService.swift in Sources */,
				42CDCBCC2950D88A00B88089 /* MelonApp.swift in Sources */,
			);
			runOnlyForDeploymentPostprocessing = 0;
		};
		42CDCBD42950D88B00B88089 /* Sources */ = {
			isa = PBXSourcesBuildPhase;
			buildActionMask = 2147483647;
			files = (
				42CDCBDD2950D88B00B88089 /* MelonTests.swift in Sources */,
			);
			runOnlyForDeploymentPostprocessing = 0;
		};
		42CDCBDE2950D88B00B88089 /* Sources */ = {
			isa = PBXSourcesBuildPhase;
			buildActionMask = 2147483647;
			files = (
				42CDCBE92950D88B00B88089 /* MelonUITestsLaunchTests.swift in Sources */,
				42CDCBE72950D88B00B88089 /* MelonUITests.swift in Sources */,
			);
			runOnlyForDeploymentPostprocessing = 0;
		};
/* End PBXSourcesBuildPhase section */

/* Begin PBXTargetDependency section */
		42CDCBDA2950D88B00B88089 /* PBXTargetDependency */ = {
			isa = PBXTargetDependency;
			target = 42CDCBC72950D88A00B88089 /* Melon */;
			targetProxy = 42CDCBD92950D88B00B88089 /* PBXContainerItemProxy */;
		};
		42CDCBE42950D88B00B88089 /* PBXTargetDependency */ = {
			isa = PBXTargetDependency;
			target = 42CDCBC72950D88A00B88089 /* Melon */;
			targetProxy = 42CDCBE32950D88B00B88089 /* PBXContainerItemProxy */;
		};
/* End PBXTargetDependency section */

/* Begin XCBuildConfiguration section */
		42CDCBEA2950D88B00B88089 /* Debug */ = {
			isa = XCBuildConfiguration;
			buildSettings = {
				ALWAYS_SEARCH_USER_PATHS = NO;
				CLANG_ANALYZER_NONNULL = YES;
				CLANG_ANALYZER_NUMBER_OBJECT_CONVERSION = YES_AGGRESSIVE;
				CLANG_CXX_LANGUAGE_STANDARD = "gnu++20";
				CLANG_ENABLE_MODULES = YES;
				CLANG_ENABLE_OBJC_ARC = YES;
				CLANG_ENABLE_OBJC_WEAK = YES;
				CLANG_WARN_BLOCK_CAPTURE_AUTORELEASING = YES;
				CLANG_WARN_BOOL_CONVERSION = YES;
				CLANG_WARN_COMMA = YES;
				CLANG_WARN_CONSTANT_CONVERSION = YES;
				CLANG_WARN_DEPRECATED_OBJC_IMPLEMENTATIONS = YES;
				CLANG_WARN_DIRECT_OBJC_ISA_USAGE = YES_ERROR;
				CLANG_WARN_DOCUMENTATION_COMMENTS = YES;
				CLANG_WARN_EMPTY_BODY = YES;
				CLANG_WARN_ENUM_CONVERSION = YES;
				CLANG_WARN_INFINITE_RECURSION = YES;
				CLANG_WARN_INT_CONVERSION = YES;
				CLANG_WARN_NON_LITERAL_NULL_CONVERSION = YES;
				CLANG_WARN_OBJC_IMPLICIT_RETAIN_SELF = YES;
				CLANG_WARN_OBJC_LITERAL_CONVERSION = YES;
				CLANG_WARN_OBJC_ROOT_CLASS = YES_ERROR;
				CLANG_WARN_QUOTED_INCLUDE_IN_FRAMEWORK_HEADER = YES;
				CLANG_WARN_RANGE_LOOP_ANALYSIS = YES;
				CLANG_WARN_STRICT_PROTOTYPES = YES;
				CLANG_WARN_SUSPICIOUS_MOVE = YES;
				CLANG_WARN_UNGUARDED_AVAILABILITY = YES_AGGRESSIVE;
				CLANG_WARN_UNREACHABLE_CODE = YES;
				CLANG_WARN__DUPLICATE_METHOD_MATCH = YES;
				COPY_PHASE_STRIP = NO;
				DEBUG_INFORMATION_FORMAT = dwarf;
				ENABLE_STRICT_OBJC_MSGSEND = YES;
				ENABLE_TESTABILITY = YES;
				GCC_C_LANGUAGE_STANDARD = gnu11;
				GCC_DYNAMIC_NO_PIC = NO;
				GCC_NO_COMMON_BLOCKS = YES;
				GCC_OPTIMIZATION_LEVEL = 0;
				GCC_PREPROCESSOR_DEFINITIONS = (
					"DEBUG=1",
					"$(inherited)",
				);
				GCC_WARN_64_TO_32_BIT_CONVERSION = YES;
				GCC_WARN_ABOUT_RETURN_TYPE = YES_ERROR;
				GCC_WARN_UNDECLARED_SELECTOR = YES;
				GCC_WARN_UNINITIALIZED_AUTOS = YES_AGGRESSIVE;
				GCC_WARN_UNUSED_FUNCTION = YES;
				GCC_WARN_UNUSED_VARIABLE = YES;
				IPHONEOS_DEPLOYMENT_TARGET = 16.2;
				MTL_ENABLE_DEBUG_INFO = INCLUDE_SOURCE;
				MTL_FAST_MATH = YES;
				ONLY_ACTIVE_ARCH = YES;
				SDKROOT = iphoneos;
				SWIFT_ACTIVE_COMPILATION_CONDITIONS = DEBUG;
				SWIFT_OPTIMIZATION_LEVEL = "-Onone";
			};
			name = Debug;
		};
		42CDCBEB2950D88B00B88089 /* Release */ = {
			isa = XCBuildConfiguration;
			buildSettings = {
				ALWAYS_SEARCH_USER_PATHS = NO;
				CLANG_ANALYZER_NONNULL = YES;
				CLANG_ANALYZER_NUMBER_OBJECT_CONVERSION = YES_AGGRESSIVE;
				CLANG_CXX_LANGUAGE_STANDARD = "gnu++20";
				CLANG_ENABLE_MODULES = YES;
				CLANG_ENABLE_OBJC_ARC = YES;
				CLANG_ENABLE_OBJC_WEAK = YES;
				CLANG_WARN_BLOCK_CAPTURE_AUTORELEASING = YES;
				CLANG_WARN_BOOL_CONVERSION = YES;
				CLANG_WARN_COMMA = YES;
				CLANG_WARN_CONSTANT_CONVERSION = YES;
				CLANG_WARN_DEPRECATED_OBJC_IMPLEMENTATIONS = YES;
				CLANG_WARN_DIRECT_OBJC_ISA_USAGE = YES_ERROR;
				CLANG_WARN_DOCUMENTATION_COMMENTS = YES;
				CLANG_WARN_EMPTY_BODY = YES;
				CLANG_WARN_ENUM_CONVERSION = YES;
				CLANG_WARN_INFINITE_RECURSION = YES;
				CLANG_WARN_INT_CONVERSION = YES;
				CLANG_WARN_NON_LITERAL_NULL_CONVERSION = YES;
				CLANG_WARN_OBJC_IMPLICIT_RETAIN_SELF = YES;
				CLANG_WARN_OBJC_LITERAL_CONVERSION = YES;
				CLANG_WARN_OBJC_ROOT_CLASS = YES_ERROR;
				CLANG_WARN_QUOTED_INCLUDE_IN_FRAMEWORK_HEADER = YES;
				CLANG_WARN_RANGE_LOOP_ANALYSIS = YES;
				CLANG_WARN_STRICT_PROTOTYPES = YES;
				CLANG_WARN_SUSPICIOUS_MOVE = YES;
				CLANG_WARN_UNGUARDED_AVAILABILITY = YES_AGGRESSIVE;
				CLANG_WARN_UNREACHABLE_CODE = YES;
				CLANG_WARN__DUPLICATE_METHOD_MATCH = YES;
				COPY_PHASE_STRIP = NO;
				DEBUG_INFORMATION_FORMAT = "dwarf-with-dsym";
				ENABLE_NS_ASSERTIONS = NO;
				ENABLE_STRICT_OBJC_MSGSEND = YES;
				GCC_C_LANGUAGE_STANDARD = gnu11;
				GCC_NO_COMMON_BLOCKS = YES;
				GCC_WARN_64_TO_32_BIT_CONVERSION = YES;
				GCC_WARN_ABOUT_RETURN_TYPE = YES_ERROR;
				GCC_WARN_UNDECLARED_SELECTOR = YES;
				GCC_WARN_UNINITIALIZED_AUTOS = YES_AGGRESSIVE;
				GCC_WARN_UNUSED_FUNCTION = YES;
				GCC_WARN_UNUSED_VARIABLE = YES;
				IPHONEOS_DEPLOYMENT_TARGET = 16.2;
				MTL_ENABLE_DEBUG_INFO = NO;
				MTL_FAST_MATH = YES;
				SDKROOT = iphoneos;
				SWIFT_COMPILATION_MODE = wholemodule;
				SWIFT_OPTIMIZATION_LEVEL = "-O";
				VALIDATE_PRODUCT = YES;
			};
			name = Release;
		};
		42CDCBED2950D88B00B88089 /* Debug */ = {
			isa = XCBuildConfiguration;
			buildSettings = {
				ASSETCATALOG_COMPILER_APPICON_NAME = AppIcon;
				ASSETCATALOG_COMPILER_GLOBAL_ACCENT_COLOR_NAME = AccentColor;
				CODE_SIGN_STYLE = Automatic;
				CURRENT_PROJECT_VERSION = 1;
				DEVELOPMENT_ASSET_PATHS = "\"Melon/Preview Content\"";
				DEVELOPMENT_TEAM = B5X79BTDXU;
				ENABLE_PREVIEWS = YES;
				GENERATE_INFOPLIST_FILE = YES;
				INFOPLIST_KEY_UIApplicationSceneManifest_Generation = YES;
				INFOPLIST_KEY_UIApplicationSupportsIndirectInputEvents = YES;
				INFOPLIST_KEY_UILaunchScreen_Generation = YES;
				INFOPLIST_KEY_UISupportedInterfaceOrientations_iPad = "UIInterfaceOrientationPortrait UIInterfaceOrientationPortraitUpsideDown UIInterfaceOrientationLandscapeLeft UIInterfaceOrientationLandscapeRight";
				INFOPLIST_KEY_UISupportedInterfaceOrientations_iPhone = "UIInterfaceOrientationPortrait UIInterfaceOrientationLandscapeLeft UIInterfaceOrientationLandscapeRight";
				LD_RUNPATH_SEARCH_PATHS = (
					"$(inherited)",
					"@executable_path/Frameworks",
				);
				MARKETING_VERSION = 1.0;
				PRODUCT_BUNDLE_IDENTIFIER = SamiulHoque.Melon;
				PRODUCT_NAME = "$(TARGET_NAME)";
				SWIFT_EMIT_LOC_STRINGS = YES;
				SWIFT_VERSION = 5.0;
				TARGETED_DEVICE_FAMILY = "1,2";
			};
			name = Debug;
		};
		42CDCBEE2950D88B00B88089 /* Release */ = {
			isa = XCBuildConfiguration;
			buildSettings = {
				ASSETCATALOG_COMPILER_APPICON_NAME = AppIcon;
				ASSETCATALOG_COMPILER_GLOBAL_ACCENT_COLOR_NAME = AccentColor;
				CODE_SIGN_STYLE = Automatic;
				CURRENT_PROJECT_VERSION = 1;
				DEVELOPMENT_ASSET_PATHS = "\"Melon/Preview Content\"";
				DEVELOPMENT_TEAM = B5X79BTDXU;
				ENABLE_PREVIEWS = YES;
				GENERATE_INFOPLIST_FILE = YES;
				INFOPLIST_KEY_UIApplicationSceneManifest_Generation = YES;
				INFOPLIST_KEY_UIApplicationSupportsIndirectInputEvents = YES;
				INFOPLIST_KEY_UILaunchScreen_Generation = YES;
				INFOPLIST_KEY_UISupportedInterfaceOrientations_iPad = "UIInterfaceOrientationPortrait UIInterfaceOrientationPortraitUpsideDown UIInterfaceOrientationLandscapeLeft UIInterfaceOrientationLandscapeRight";
				INFOPLIST_KEY_UISupportedInterfaceOrientations_iPhone = "UIInterfaceOrientationPortrait UIInterfaceOrientationLandscapeLeft UIInterfaceOrientationLandscapeRight";
				LD_RUNPATH_SEARCH_PATHS = (
					"$(inherited)",
					"@executable_path/Frameworks",
				);
				MARKETING_VERSION = 1.0;
				PRODUCT_BUNDLE_IDENTIFIER = SamiulHoque.Melon;
				PRODUCT_NAME = "$(TARGET_NAME)";
				SWIFT_EMIT_LOC_STRINGS = YES;
				SWIFT_VERSION = 5.0;
				TARGETED_DEVICE_FAMILY = "1,2";
			};
			name = Release;
		};
		42CDCBF02950D88B00B88089 /* Debug */ = {
			isa = XCBuildConfiguration;
			buildSettings = {
				ALWAYS_EMBED_SWIFT_STANDARD_LIBRARIES = YES;
				BUNDLE_LOADER = "$(TEST_HOST)";
				CODE_SIGN_STYLE = Automatic;
				CURRENT_PROJECT_VERSION = 1;
				DEVELOPMENT_TEAM = B5X79BTDXU;
				GENERATE_INFOPLIST_FILE = YES;
				IPHONEOS_DEPLOYMENT_TARGET = 16.2;
				MARKETING_VERSION = 1.0;
				PRODUCT_BUNDLE_IDENTIFIER = SamiulHoque.MelonTests;
				PRODUCT_NAME = "$(TARGET_NAME)";
				SWIFT_EMIT_LOC_STRINGS = NO;
				SWIFT_VERSION = 5.0;
				TARGETED_DEVICE_FAMILY = "1,2";
				TEST_HOST = "$(BUILT_PRODUCTS_DIR)/Melon.app/$(BUNDLE_EXECUTABLE_FOLDER_PATH)/Melon";
			};
			name = Debug;
		};
		42CDCBF12950D88B00B88089 /* Release */ = {
			isa = XCBuildConfiguration;
			buildSettings = {
				ALWAYS_EMBED_SWIFT_STANDARD_LIBRARIES = YES;
				BUNDLE_LOADER = "$(TEST_HOST)";
				CODE_SIGN_STYLE = Automatic;
				CURRENT_PROJECT_VERSION = 1;
				DEVELOPMENT_TEAM = B5X79BTDXU;
				GENERATE_INFOPLIST_FILE = YES;
				IPHONEOS_DEPLOYMENT_TARGET = 16.2;
				MARKETING_VERSION = 1.0;
				PRODUCT_BUNDLE_IDENTIFIER = SamiulHoque.MelonTests;
				PRODUCT_NAME = "$(TARGET_NAME)";
				SWIFT_EMIT_LOC_STRINGS = NO;
				SWIFT_VERSION = 5.0;
				TARGETED_DEVICE_FAMILY = "1,2";
				TEST_HOST = "$(BUILT_PRODUCTS_DIR)/Melon.app/$(BUNDLE_EXECUTABLE_FOLDER_PATH)/Melon";
			};
			name = Release;
		};
		42CDCBF32950D88B00B88089 /* Debug */ = {
			isa = XCBuildConfiguration;
			buildSettings = {
				ALWAYS_EMBED_SWIFT_STANDARD_LIBRARIES = YES;
				CODE_SIGN_STYLE = Automatic;
				CURRENT_PROJECT_VERSION = 1;
				DEVELOPMENT_TEAM = B5X79BTDXU;
				GENERATE_INFOPLIST_FILE = YES;
				MARKETING_VERSION = 1.0;
				PRODUCT_BUNDLE_IDENTIFIER = SamiulHoque.MelonUITests;
				PRODUCT_NAME = "$(TARGET_NAME)";
				SWIFT_EMIT_LOC_STRINGS = NO;
				SWIFT_VERSION = 5.0;
				TARGETED_DEVICE_FAMILY = "1,2";
				TEST_TARGET_NAME = Melon;
			};
			name = Debug;
		};
		42CDCBF42950D88B00B88089 /* Release */ = {
			isa = XCBuildConfiguration;
			buildSettings = {
				ALWAYS_EMBED_SWIFT_STANDARD_LIBRARIES = YES;
				CODE_SIGN_STYLE = Automatic;
				CURRENT_PROJECT_VERSION = 1;
				DEVELOPMENT_TEAM = B5X79BTDXU;
				GENERATE_INFOPLIST_FILE = YES;
				MARKETING_VERSION = 1.0;
				PRODUCT_BUNDLE_IDENTIFIER = SamiulHoque.MelonUITests;
				PRODUCT_NAME = "$(TARGET_NAME)";
				SWIFT_EMIT_LOC_STRINGS = NO;
				SWIFT_VERSION = 5.0;
				TARGETED_DEVICE_FAMILY = "1,2";
				TEST_TARGET_NAME = Melon;
			};
			name = Release;
		};
/* End XCBuildConfiguration section */

/* Begin XCConfigurationList section */
		42CDCBC32950D88A00B88089 /* Build configuration list for PBXProject "Melon" */ = {
			isa = XCConfigurationList;
			buildConfigurations = (
				42CDCBEA2950D88B00B88089 /* Debug */,
				42CDCBEB2950D88B00B88089 /* Release */,
			);
			defaultConfigurationIsVisible = 0;
			defaultConfigurationName = Release;
		};
		42CDCBEC2950D88B00B88089 /* Build configuration list for PBXNativeTarget "Melon" */ = {
			isa = XCConfigurationList;
			buildConfigurations = (
				42CDCBED2950D88B00B88089 /* Debug */,
				42CDCBEE2950D88B00B88089 /* Release */,
			);
			defaultConfigurationIsVisible = 0;
			defaultConfigurationName = Release;
		};
		42CDCBEF2950D88B00B88089 /* Build configuration list for PBXNativeTarget "MelonTests" */ = {
			isa = XCConfigurationList;
			buildConfigurations = (
				42CDCBF02950D88B00B88089 /* Debug */,
				42CDCBF12950D88B00B88089 /* Release */,
			);
			defaultConfigurationIsVisible = 0;
			defaultConfigurationName = Release;
		};
		42CDCBF22950D88B00B88089 /* Build configuration list for PBXNativeTarget "MelonUITests" */ = {
			isa = XCConfigurationList;
			buildConfigurations = (
				42CDCBF32950D88B00B88089 /* Debug */,
				42CDCBF42950D88B00B88089 /* Release */,
			);
			defaultConfigurationIsVisible = 0;
			defaultConfigurationName = Release;
		};
/* End XCConfigurationList section */

/* Begin XCRemoteSwiftPackageReference section */
		42CDCBF72950D9C200B88089 /* XCRemoteSwiftPackageReference "firebase-ios-sdk" */ = {
			isa = XCRemoteSwiftPackageReference;
			repositoryURL = "https://github.com/firebase/firebase-ios-sdk.git";
			requirement = {
				kind = exactVersion;
				version = 9.6.0;
			};
		};
/* End XCRemoteSwiftPackageReference section */

/* Begin XCSwiftPackageProductDependency section */
		42CDCBF82950D9C200B88089 /* FirebaseAnalytics */ = {
			isa = XCSwiftPackageProductDependency;
			package = 42CDCBF72950D9C200B88089 /* XCRemoteSwiftPackageReference "firebase-ios-sdk" */;
			productName = FirebaseAnalytics;
		};
		42CDCBFA2950D9C200B88089 /* FirebaseAuth */ = {
			isa = XCSwiftPackageProductDependency;
			package = 42CDCBF72950D9C200B88089 /* XCRemoteSwiftPackageReference "firebase-ios-sdk" */;
			productName = FirebaseAuth;
		};
		42CDCBFC2950D9C200B88089 /* FirebaseFirestore */ = {
			isa = XCSwiftPackageProductDependency;
			package = 42CDCBF72950D9C200B88089 /* XCRemoteSwiftPackageReference "firebase-ios-sdk" */;
			productName = FirebaseFirestore;
		};
		42CDCBFE2950D9C200B88089 /* FirebaseFirestoreSwift */ = {
			isa = XCSwiftPackageProductDependency;
			package = 42CDCBF72950D9C200B88089 /* XCRemoteSwiftPackageReference "firebase-ios-sdk" */;
			productName = FirebaseFirestoreSwift;
		};
		42CDCC002950D9C200B88089 /* FirebaseStorage */ = {
			isa = XCSwiftPackageProductDependency;
			package = 42CDCBF72950D9C200B88089 /* XCRemoteSwiftPackageReference "firebase-ios-sdk" */;
			productName = FirebaseStorage;
		};
/* End XCSwiftPackageProductDependency section */
	};
	rootObject = 42CDCBC02950D88A00B88089 /* Project object */;
}
